
Microsoft Visual Studio Solution File, Format Version 12.00
# Visual Studio Version 17
VisualStudioVersion = 17.14.37012.4 d17.14
MinimumVisualStudioVersion = 10.0.40219.1
Project("{FAE04EC0-301F-11D3-BF4B-00C04F79EFBC}") = "cs-MVC-sprint", "cs-MVC-sprint\cs-MVC-sprint.csproj", "{234747BE-CE1D-44EC-8F2B-42668A622AA4}"
EndProject
Global
	GlobalSection(SolutionConfigurationPlatforms) = preSolution
		Debug|Any CPU = Debug|Any CPU
		Release|Any CPU = Release|Any CPU
	EndGlobalSection
	GlobalSection(ProjectConfigurationPlatforms) = postSolution
		{234747BE-CE1D-44EC-8F2B-42668A622AA4}.Debug|Any CPU.ActiveCfg = Debug|Any CPU
		{234747BE-CE1D-44EC-8F2B-42668A622AA4}.Debug|Any CPU.Build.0 = Debug|Any CPU
		{234747BE-CE1D-44EC-8F2B-42668A622AA4}.Release|Any CPU.ActiveCfg = Release|Any CPU
		{234747BE-CE1D-44EC-8F2B-42668A622AA4}.Release|Any CPU.Build.0 = Release|Any CPU
	EndGlobalSection
	GlobalSection(SolutionProperties) = preSolution
		HideSolutionNode = FALSE
	EndGlobalSection
	GlobalSection(ExtensibilityGlobals) = postSolution
		SolutionGuid = {0A9BD23A-5590-46E7-B668-3D4B4C623F09}
	EndGlobalSection
EndGlobal
